
Microsoft Visual Studio Solution File, Format Version 12.00
# Visual Studio Version 17
VisualStudioVersion = 17.11.35222.181
MinimumVisualStudioVersion = 10.0.40219.1
Project("{FAE04EC0-301F-11D3-BF4B-00C04F79EFBC}") = "EstudianteJson", "EstudianteJson\EstudianteJson.csproj", "{0DACD9F3-EC85-4C16-A15A-D9CB6A01AE82}"
EndProject
Global
	GlobalSection(SolutionConfigurationPlatforms) = preSolution
		Debug|Any CPU = Debug|Any CPU
		Release|Any CPU = Release|Any CPU
	EndGlobalSection
	GlobalSection(ProjectConfigurationPlatforms) = postSolution
		{0DACD9F3-EC85-4C16-A15A-D9CB6A01AE82}.Debug|Any CPU.ActiveCfg = Debug|Any CPU
		{0DACD9F3-EC85-4C16-A15A-D9CB6A01AE82}.Debug|Any CPU.Build.0 = Debug|Any CPU
		{0DACD9F3-EC85-4C16-A15A-D9CB6A01AE82}.Release|Any CPU.ActiveCfg = Release|Any CPU
		{0DACD9F3-EC85-4C16-A15A-D9CB6A01AE82}.Release|Any CPU.Build.0 = Release|Any CPU
	EndGlobalSection
	GlobalSection(SolutionProperties) = preSolution
		HideSolutionNode = FALSE
	EndGlobalSection
	GlobalSection(ExtensibilityGlobals) = postSolution
		SolutionGuid = {E3CE90B8-BC0E-493E-ACBB-9FC8D615A96F}
	EndGlobalSection
EndGlobal
